<?xml version="1.0" encoding="utf-8"?>
<Project ToolsVersion="4.0" xmlns="http://schemas.microsoft.com/developer/msbuild/2003">
  <ItemGroup>
    <Filter Include="Source Files">
      <UniqueIdentifier>{4FC737F1-C7A5-4376-A066-2A32D752A2FF}</UniqueIdentifier>
      <Extensions>cpp;c;cc;cxx;def;odl;idl;hpj;bat;asm;asmx</Extensions>
    </Filter>
    <Filter Include="Header Files">
      <UniqueIdentifier>{93995380-89BD-4b04-88EB-625FBE52EBFB}</UniqueIdentifier>
      <Extensions>h;hh;hpp;hxx;hm;inl;inc;xsd</Extensions>
    </Filter>
    <Filter Include="Resource Files">
      <UniqueIdentifier>{67DA6AB6-F800-4c08-8B7A-83BB121AAD01}</UniqueIdentifier>
      <Extensions>rc;ico;cur;bmp;dlg;rc2;rct;bin;rgs;gif;jpg;jpeg;jpe;resx;tiff;tif;png;wav;mfcribbon-ms</Extensions>
    </Filter>
  </ItemGroup>
  <ItemGroup>
    <Text Include="ReadMe.txt" />
    <Text Include="TeamList.txt">
      <Filter>Resource Files</Filter>
    </Text>
  </ItemGroup>
  <ItemGroup>
    <ClInclude Include="stdafx.h">
      <Filter>Header Files</Filter>
    </ClInclude>
    <ClInclude Include="targetver.h">
      <Filter>Header Files</Filter>
    </ClInclude>
    <ClInclude Include="ActivePlayer.h">
      <Filter>Header Files</Filter>
    </ClInclude>
    <ClInclude Include="BaseballDatabase.h">
      <Filter>Header Files</Filter>
    </ClInclude>
    <ClInclude Include="CsvBasedObject.h">
      <Filter>Header Files</Filter>
    </ClInclude>
    <ClInclude Include="EventInterpretation.h">
      <Filter>Header Files</Filter>
    </ClInclude>
    <ClInclude Include="FileBasedObject.h">
      <Filter>Header Files</Filter>
    </ClInclude>
    <ClInclude Include="GameLog.h">
      <Filter>Header Files</Filter>
    </ClInclude>
    <ClInclude Include="GameSet.h">
      <Filter>Header Files</Filter>
    </ClInclude>
    <ClInclude Include="InfoItem.h">
      <Filter>Header Files</Filter>
    </ClInclude>
    <ClInclude Include="Play.h">
      <Filter>Header Files</Filter>
    </ClInclude>
    <ClInclude Include="Player.h">
      <Filter>Header Files</Filter>
    </ClInclude>
    <ClInclude Include="PlayRecord.h">
      <Filter>Header Files</Filter>
    </ClInclude>
    <ClInclude Include="resource.h">
      <Filter>Header Files</Filter>
    </ClInclude>
    <ClInclude Include="SetFromFile.h">
      <Filter>Header Files</Filter>
    </ClInclude>
    <ClInclude Include="SportsStatsConstants.h">
      <Filter>Header Files</Filter>
    </ClInclude>
    <ClInclude Include="Team.h">
      <Filter>Header Files</Filter>
    </ClInclude>
    <ClInclude Include="TeamSet.h">
      <Filter>Header Files</Filter>
    </ClInclude>
    <ClInclude Include="GameState.h">
      <Filter>Header Files</Filter>
    </ClInclude>
    <ClInclude Include="ModifierInterpretation.h">
      <Filter>Header Files</Filter>
    </ClInclude>
    <ClInclude Include="Event.h">
      <Filter>Header Files</Filter>
    </ClInclude>
    <ClInclude Include="BaserunnerMovement.h">
      <Filter>Header Files</Filter>
    </ClInclude>
    <ClInclude Include="Pitch.h">
      <Filter>Header Files</Filter>
    </ClInclude>
    <ClInclude Include="BaseballDatabaseSQL.h">
      <Filter>Header Files</Filter>
    </ClInclude>
  </ItemGroup>
  <ItemGroup>
    <ClCompile Include="stdafx.cpp">
      <Filter>Source Files</Filter>
    </ClCompile>
    <ClCompile Include="BaseballStats.cpp">
      <Filter>Source Files</Filter>
    </ClCompile>
    <ClCompile Include="BaseballDatabase.cpp">
      <Filter>Source Files</Filter>
    </ClCompile>
    <ClCompile Include="CsvBasedObject.cpp">
      <Filter>Source Files</Filter>
    </ClCompile>
    <ClCompile Include="EventInterpretation.cpp">
      <Filter>Source Files</Filter>
    </ClCompile>
    <ClCompile Include="FileBasedObject.cpp">
      <Filter>Source Files</Filter>
    </ClCompile>
    <ClCompile Include="GameLog.cpp">
      <Filter>Source Files</Filter>
    </ClCompile>
    <ClCompile Include="GameSet.cpp">
      <Filter>Source Files</Filter>
    </ClCompile>
    <ClCompile Include="Play.cpp">
      <Filter>Source Files</Filter>
    </ClCompile>
    <ClCompile Include="Player.cpp">
      <Filter>Source Files</Filter>
    </ClCompile>
    <ClCompile Include="PlayRecord.cpp">
      <Filter>Source Files</Filter>
    </ClCompile>
    <ClCompile Include="SetFromFile.cpp">
      <Filter>Source Files</Filter>
    </ClCompile>
    <ClCompile Include="Team.cpp">
      <Filter>Source Files</Filter>
    </ClCompile>
    <ClCompile Include="TeamSet.cpp">
      <Filter>Source Files</Filter>
    </ClCompile>
    <ClCompile Include="GameState.cpp">
      <Filter>Source Files</Filter>
    </ClCompile>
    <ClCompile Include="ModifierInterpretation.cpp">
      <Filter>Source Files</Filter>
    </ClCompile>
    <ClCompile Include="Event.cpp">
      <Filter>Source Files</Filter>
    </ClCompile>
    <ClCompile Include="BaserunnerMovement.cpp">
      <Filter>Source Files</Filter>
    </ClCompile>
    <ClCompile Include="Pitch.cpp">
      <Filter>Source Files</Filter>
    </ClCompile>
    <ClCompile Include="BaseballDatabaseSQL.cpp">
      <Filter>Source Files</Filter>
    </ClCompile>
  </ItemGroup>
  <ItemGroup>
    <None Include="packages.config" />
  </ItemGroup>
</Project>